
Microsoft Visual Studio Solution File, Format Version 12.00
# Visual Studio Version 17
VisualStudioVersion = 17.0.31919.166
MinimumVisualStudioVersion = 10.0.40219.1
Project("{FAE04EC0-301F-11D3-BF4B-00C04F79EFBC}") = "Event-bus-App", "Event-bus-App\Event-bus-App.csproj", "{C81CEC73-442C-4FF0-BB73-4426CBF6A3A1}"
EndProject
Project("{FAE04EC0-301F-11D3-BF4B-00C04F79EFBC}") = "ChatApp1", "ChatApp1\ChatApp1.csproj", "{736ED494-7BC8-4A65-83A8-ADE1C8269E10}"
EndProject
Project("{FAE04EC0-301F-11D3-BF4B-00C04F79EFBC}") = "ChatApp2", "ChatApp2\ChatApp2.csproj", "{1593A437-A2EA-441D-93DF-89FF36385F54}"
EndProject
Global
	GlobalSection(SolutionConfigurationPlatforms) = preSolution
		Debug|Any CPU = Debug|Any CPU
		Release|Any CPU = Release|Any CPU
	EndGlobalSection
	GlobalSection(ProjectConfigurationPlatforms) = postSolution
		{C81CEC73-442C-4FF0-BB73-4426CBF6A3A1}.Debug|Any CPU.ActiveCfg = Debug|Any CPU
		{C81CEC73-442C-4FF0-BB73-4426CBF6A3A1}.Debug|Any CPU.Build.0 = Debug|Any CPU
		{C81CEC73-442C-4FF0-BB73-4426CBF6A3A1}.Release|Any CPU.ActiveCfg = Release|Any CPU
		{C81CEC73-442C-4FF0-BB73-4426CBF6A3A1}.Release|Any CPU.Build.0 = Release|Any CPU
		{736ED494-7BC8-4A65-83A8-ADE1C8269E10}.Debug|Any CPU.ActiveCfg = Debug|Any CPU
		{736ED494-7BC8-4A65-83A8-ADE1C8269E10}.Debug|Any CPU.Build.0 = Debug|Any CPU
		{736ED494-7BC8-4A65-83A8-ADE1C8269E10}.Release|Any CPU.ActiveCfg = Release|Any CPU
		{736ED494-7BC8-4A65-83A8-ADE1C8269E10}.Release|Any CPU.Build.0 = Release|Any CPU
		{1593A437-A2EA-441D-93DF-89FF36385F54}.Debug|Any CPU.ActiveCfg = Debug|Any CPU
		{1593A437-A2EA-441D-93DF-89FF36385F54}.Debug|Any CPU.Build.0 = Debug|Any CPU
		{1593A437-A2EA-441D-93DF-89FF36385F54}.Release|Any CPU.ActiveCfg = Release|Any CPU
		{1593A437-A2EA-441D-93DF-89FF36385F54}.Release|Any CPU.Build.0 = Release|Any CPU
	EndGlobalSection
	GlobalSection(SolutionProperties) = preSolution
		HideSolutionNode = FALSE
	EndGlobalSection
	GlobalSection(ExtensibilityGlobals) = postSolution
		SolutionGuid = {4D882D77-126D-4DF0-A914-C67F4A69D346}
	EndGlobalSection
EndGlobal
