
Microsoft Visual Studio Solution File, Format Version 12.00
# Visual Studio Version 17
VisualStudioVersion = 17.0.31919.166
MinimumVisualStudioVersion = 10.0.40219.1
Project("{9A19103F-16F7-4668-BE54-9A1E7A4F7556}") = "Event-bus-App", "Event-bus-App\Event-bus-App.csproj", "{C81CEC73-442C-4FF0-BB73-4426CBF6A3A1}"
EndProject
Project("{9A19103F-16F7-4668-BE54-9A1E7A4F7556}") = "ChatApp1", "ChatApp1\ChatApp1.csproj", "{736ED494-7BC8-4A65-83A8-ADE1C8269E10}"
EndProject
Project("{9A19103F-16F7-4668-BE54-9A1E7A4F7556}") = "ChatApp2", "ChatApp2\ChatApp2.csproj", "{1593A437-A2EA-441D-93DF-89FF36385F54}"
EndProject
Project("{2150E333-8FDC-42A3-9474-1A3956D46DE8}") = "Apps", "Apps", "{3C394B49-E560-4EFA-8D81-85E1A6384E10}"
EndProject
Project("{FAE04EC0-301F-11D3-BF4B-00C04F79EFBC}") = "App1.0", "Apps\App1.0\App1.0.csproj", "{ED984844-3AE4-4C3B-8826-994C2EB33CD5}"
EndProject
Project("{FAE04EC0-301F-11D3-BF4B-00C04F79EFBC}") = "App2.0", "Apps\App2.0\App2.0.csproj", "{1456C39A-B8B4-434D-BFF9-4FA1F7DEC259}"
EndProject
Global
	GlobalSection(SolutionConfigurationPlatforms) = preSolution
		Debug|Any CPU = Debug|Any CPU
		Release|Any CPU = Release|Any CPU
	EndGlobalSection
	GlobalSection(ProjectConfigurationPlatforms) = postSolution
		{C81CEC73-442C-4FF0-BB73-4426CBF6A3A1}.Debug|Any CPU.ActiveCfg = Debug|Any CPU
		{C81CEC73-442C-4FF0-BB73-4426CBF6A3A1}.Debug|Any CPU.Build.0 = Debug|Any CPU
		{C81CEC73-442C-4FF0-BB73-4426CBF6A3A1}.Release|Any CPU.ActiveCfg = Release|Any CPU
		{C81CEC73-442C-4FF0-BB73-4426CBF6A3A1}.Release|Any CPU.Build.0 = Release|Any CPU
		{736ED494-7BC8-4A65-83A8-ADE1C8269E10}.Debug|Any CPU.ActiveCfg = Debug|Any CPU
		{736ED494-7BC8-4A65-83A8-ADE1C8269E10}.Debug|Any CPU.Build.0 = Debug|Any CPU
		{736ED494-7BC8-4A65-83A8-ADE1C8269E10}.Release|Any CPU.ActiveCfg = Release|Any CPU
		{736ED494-7BC8-4A65-83A8-ADE1C8269E10}.Release|Any CPU.Build.0 = Release|Any CPU
		{1593A437-A2EA-441D-93DF-89FF36385F54}.Debug|Any CPU.ActiveCfg = Debug|Any CPU
		{1593A437-A2EA-441D-93DF-89FF36385F54}.Debug|Any CPU.Build.0 = Debug|Any CPU
		{1593A437-A2EA-441D-93DF-89FF36385F54}.Release|Any CPU.ActiveCfg = Release|Any CPU
		{1593A437-A2EA-441D-93DF-89FF36385F54}.Release|Any CPU.Build.0 = Release|Any CPU
		{ED984844-3AE4-4C3B-8826-994C2EB33CD5}.Debug|Any CPU.ActiveCfg = Debug|Any CPU
		{ED984844-3AE4-4C3B-8826-994C2EB33CD5}.Debug|Any CPU.Build.0 = Debug|Any CPU
		{ED984844-3AE4-4C3B-8826-994C2EB33CD5}.Release|Any CPU.ActiveCfg = Release|Any CPU
		{ED984844-3AE4-4C3B-8826-994C2EB33CD5}.Release|Any CPU.Build.0 = Release|Any CPU
		{1456C39A-B8B4-434D-BFF9-4FA1F7DEC259}.Debug|Any CPU.ActiveCfg = Debug|Any CPU
		{1456C39A-B8B4-434D-BFF9-4FA1F7DEC259}.Debug|Any CPU.Build.0 = Debug|Any CPU
		{1456C39A-B8B4-434D-BFF9-4FA1F7DEC259}.Release|Any CPU.ActiveCfg = Release|Any CPU
		{1456C39A-B8B4-434D-BFF9-4FA1F7DEC259}.Release|Any CPU.Build.0 = Release|Any CPU
	EndGlobalSection
	GlobalSection(SolutionProperties) = preSolution
		HideSolutionNode = FALSE
	EndGlobalSection
	GlobalSection(NestedProjects) = preSolution
		{ED984844-3AE4-4C3B-8826-994C2EB33CD5} = {3C394B49-E560-4EFA-8D81-85E1A6384E10}
		{1456C39A-B8B4-434D-BFF9-4FA1F7DEC259} = {3C394B49-E560-4EFA-8D81-85E1A6384E10}
	EndGlobalSection
	GlobalSection(ExtensibilityGlobals) = postSolution
		SolutionGuid = {4D882D77-126D-4DF0-A914-C67F4A69D346}
	EndGlobalSection
EndGlobal
